{
  "name": "first_project",
  "lockfileVersion": 3,
  "requires": true,
  "packages": {
    "": {
      "dependencies": {
        "ff": "^0.2.2"
      }
    },
    "node_modules/ff": {
      "version": "0.2.2",
      "resolved": "https://registry.npmjs.org/ff/-/ff-0.2.2.tgz",
      "integrity": "sha512-WMJyoPUeFtfSrNtsVS91csQHj2YjOUGT90g0HZRi9WsN1CO+4A91I/QHl3GgEkhk7aZaVemjkebQeFLW4Z320Q==",
      "engines": {
        "node": ">=0.6.0"
      }
    }
  }
}
